
Microsoft Visual Studio Solution File, Format Version 12.00
# Visual Studio Version 16
VisualStudioVersion = 16.0.30128.74
MinimumVisualStudioVersion = 10.0.40219.1
Project("{FAE04EC0-301F-11D3-BF4B-00C04F79EFBC}") = "RFSourceControllerApp", "RFSourceControllerApp.csproj", "{8D438AC7-2E83-47CB-A32A-74A2D6777F02}"
EndProject
Global
	GlobalSection(SolutionConfigurationPlatforms) = preSolution
		Debug|Any CPU = Debug|Any CPU
		Release|Any CPU = Release|Any CPU
	EndGlobalSection
	GlobalSection(ProjectConfigurationPlatforms) = postSolution
		{8D438AC7-2E83-47CB-A32A-74A2D6777F02}.Debug|Any CPU.ActiveCfg = Debug|Any CPU
		{8D438AC7-2E83-47CB-A32A-74A2D6777F02}.Debug|Any CPU.Build.0 = Debug|Any CPU
		{8D438AC7-2E83-47CB-A32A-74A2D6777F02}.Release|Any CPU.ActiveCfg = Release|Any CPU
		{8D438AC7-2E83-47CB-A32A-74A2D6777F02}.Release|Any CPU.Build.0 = Release|Any CPU
	EndGlobalSection
	GlobalSection(SolutionProperties) = preSolution
		HideSolutionNode = FALSE
	EndGlobalSection
	GlobalSection(ExtensibilityGlobals) = postSolution
		SolutionGuid = {599F2E6B-25B3-4A3E-A58C-961C3FDB14AA}
	EndGlobalSection
EndGlobal
